{
  "name": "FemtoIDE",
  "requires": true,
  "lockfileVersion": 1,
  "dependencies": {
    "chevrotain": {
      "version": "4.1.1",
      "resolved": "https://registry.npmjs.org/chevrotain/-/chevrotain-4.1.1.tgz",
      "integrity": "sha512-NQky1HQyiAzxsxpq4Ppt47SYO2U3JLtmfs85QPf3kYSzGBjjp5AA8kqjH8hCjGFRpaQ781QOk1ragQIOkBgUTA==",
      "requires": {
        "regexp-to-ast": "0.3.5"
      }
    },
    "java-parser": {
      "version": "0.2.0",
      "resolved": "https://registry.npmjs.org/java-parser/-/java-parser-0.2.0.tgz",
      "integrity": "sha512-2wDWxyE/AfKiCAjpfT2gIi2DfwcE7tESXH5bZiJ2MxsJ1RVlQIAgJbvbGuoLFQwTbiLOib+7HrtWT91p5an4ug==",
      "requires": {
        "chevrotain": "4.1.1"
      }
    },
    "regexp-to-ast": {
      "version": "0.3.5",
      "resolved": "https://registry.npmjs.org/regexp-to-ast/-/regexp-to-ast-0.3.5.tgz",
      "integrity": "sha512-1CJygtdvsfNFwiyjaMLBWtg2tfEqx/jSZ8S6TV+GlNL8kiH8rb4cm5Pb7A/C2BpyM/fA8ZJEudlCwi/jvAY+Ow=="
    }
  }
}
